
Microsoft Visual Studio Solution File, Format Version 12.00
# Visual Studio Version 16
VisualStudioVersion = 16.0.31129.286
MinimumVisualStudioVersion = 10.0.40219.1
Project("{9A19103F-16F7-4668-BE54-9A1E7A4F7556}") = "BankApi", "BankApi\BankApi.csproj", "{3CFD1529-373E-43A8-BAEE-338A2E16E3B2}"
EndProject
Project("{FAE04EC0-301F-11D3-BF4B-00C04F79EFBC}") = "BankApi.UnitTests", "BankApi.UnitTests\BankApi.UnitTests.csproj", "{B9EFE7E5-9289-48DA-989B-C1F3D5BFF54D}"
EndProject
Global
	GlobalSection(SolutionConfigurationPlatforms) = preSolution
		Debug|Any CPU = Debug|Any CPU
		Release|Any CPU = Release|Any CPU
	EndGlobalSection
	GlobalSection(ProjectConfigurationPlatforms) = postSolution
		{3CFD1529-373E-43A8-BAEE-338A2E16E3B2}.Debug|Any CPU.ActiveCfg = Debug|Any CPU
		{3CFD1529-373E-43A8-BAEE-338A2E16E3B2}.Debug|Any CPU.Build.0 = Debug|Any CPU
		{3CFD1529-373E-43A8-BAEE-338A2E16E3B2}.Release|Any CPU.ActiveCfg = Release|Any CPU
		{3CFD1529-373E-43A8-BAEE-338A2E16E3B2}.Release|Any CPU.Build.0 = Release|Any CPU
		{B9EFE7E5-9289-48DA-989B-C1F3D5BFF54D}.Debug|Any CPU.ActiveCfg = Debug|Any CPU
		{B9EFE7E5-9289-48DA-989B-C1F3D5BFF54D}.Debug|Any CPU.Build.0 = Debug|Any CPU
		{B9EFE7E5-9289-48DA-989B-C1F3D5BFF54D}.Release|Any CPU.ActiveCfg = Release|Any CPU
		{B9EFE7E5-9289-48DA-989B-C1F3D5BFF54D}.Release|Any CPU.Build.0 = Release|Any CPU
	EndGlobalSection
	GlobalSection(SolutionProperties) = preSolution
		HideSolutionNode = FALSE
	EndGlobalSection
	GlobalSection(ExtensibilityGlobals) = postSolution
		SolutionGuid = {D4D8CC26-E425-4EBA-BA91-F514583634E4}
	EndGlobalSection
EndGlobal
